
Microsoft Visual Studio Solution File, Format Version 12.00
# Visual Studio 15
VisualStudioVersion = 15.0.27004.2005
MinimumVisualStudioVersion = 10.0.40219.1
Project("{FAE04EC0-301F-11D3-BF4B-00C04F79EFBC}") = "ConsumindoWebApi", "ConsumindoWebApi\ConsumindoWebApi.csproj", "{F20656AA-F9D8-49C6-8A3E-BDCD1EE8BFBF}"
EndProject
Global
	GlobalSection(SolutionConfigurationPlatforms) = preSolution
		Debug|Any CPU = Debug|Any CPU
		Release|Any CPU = Release|Any CPU
	EndGlobalSection
	GlobalSection(ProjectConfigurationPlatforms) = postSolution
		{F20656AA-F9D8-49C6-8A3E-BDCD1EE8BFBF}.Debug|Any CPU.ActiveCfg = Debug|Any CPU
		{F20656AA-F9D8-49C6-8A3E-BDCD1EE8BFBF}.Debug|Any CPU.Build.0 = Debug|Any CPU
		{F20656AA-F9D8-49C6-8A3E-BDCD1EE8BFBF}.Release|Any CPU.ActiveCfg = Release|Any CPU
		{F20656AA-F9D8-49C6-8A3E-BDCD1EE8BFBF}.Release|Any CPU.Build.0 = Release|Any CPU
	EndGlobalSection
	GlobalSection(SolutionProperties) = preSolution
		HideSolutionNode = FALSE
	EndGlobalSection
	GlobalSection(ExtensibilityGlobals) = postSolution
		SolutionGuid = {167D40A2-A30E-4D6A-956A-E86A0495FB14}
	EndGlobalSection
EndGlobal
